Microsoft Visual Studio Solution File, Format Version 12.00
# Visual Studio 15
VisualStudioVersion = 15.0.26430.6
MinimumVisualStudioVersion = 10.0.40219.1
Project("{2150E333-8FDC-42A3-9474-1A3956D46DE8}") = "src", "src", "{3EE6B986-C6F3-4965-BCCD-F2EDCF4BE465}"
EndProject
Project("{2150E333-8FDC-42A3-9474-1A3956D46DE8}") = "samples", "samples", "{39B08101-9037-47EF-BCB0-F5558FEB9F80}"
EndProject
Project("{9A19103F-16F7-4668-BE54-9A1E7A4F7556}") = "Rainbow.DomainDriven.Mongo", "src\Rainbow.DomainDriven.Mongo\Rainbow.DomainDriven.Mongo.csproj", "{D94F6982-AD11-42F5-9777-C064F00F31E9}"
EndProject
Project("{9A19103F-16F7-4668-BE54-9A1E7A4F7556}") = "Rainbow.DomainDriven.RingQueue", "src\Rainbow.DomainDriven.RingQueue\Rainbow.DomainDriven.RingQueue.csproj", "{810172AB-206B-4350-AED2-31B45495CF24}"
EndProject
Project("{2150E333-8FDC-42A3-9474-1A3956D46DE8}") = "test", "test", "{4752A76F-4E69-4E1B-B1F2-D9C477706F33}"
EndProject
Project("{9A19103F-16F7-4668-BE54-9A1E7A4F7556}") = "Rainbow.DomainDriven.Mongo.Test", "test\Rainbow.DomainDriven.Mongo.Test\Rainbow.DomainDriven.Mongo.Test.csproj", "{294A128F-1D16-46AD-A846-637A0D88DD79}"
EndProject
Project("{9A19103F-16F7-4668-BE54-9A1E7A4F7556}") = "Rainbow.DomainDriven.RingQueue.Test", "test\Rainbow.DomainDriven.RingQueue.Test\Rainbow.DomainDriven.RingQueue.Test.csproj", "{1AF502C0-74F9-4592-9302-CDB0AD97901E}"
EndProject
Project("{9A19103F-16F7-4668-BE54-9A1E7A4F7556}") = "Rainbow.DomainDriven.Core", "src\Rainbow.DomainDriven.Core\Rainbow.DomainDriven.Core.csproj", "{CF148F8E-4297-4EE0-A30F-4348A801F9ED}"
EndProject
Project("{FAE04EC0-301F-11D3-BF4B-00C04F79EFBC}") = "Rainbow.DomainDriven.RingConsole", "samples\Rainbow.DomainDriven.RingConsole\Rainbow.DomainDriven.RingConsole.csproj", "{A931CE26-D210-4B7A-9FC9-25B6D3FFC732}"
EndProject
Global
	GlobalSection(SolutionConfigurationPlatforms) = preSolution
		Debug|Any CPU = Debug|Any CPU
		Debug|x64 = Debug|x64
		Debug|x86 = Debug|x86
		Release|Any CPU = Release|Any CPU
		Release|x64 = Release|x64
		Release|x86 = Release|x86
	EndGlobalSection
	GlobalSection(ProjectConfigurationPlatforms) = postSolution
		{D94F6982-AD11-42F5-9777-C064F00F31E9}.Debug|Any CPU.ActiveCfg = Debug|Any CPU
		{D94F6982-AD11-42F5-9777-C064F00F31E9}.Debug|Any CPU.Build.0 = Debug|Any CPU
		{D94F6982-AD11-42F5-9777-C064F00F31E9}.Debug|x64.ActiveCfg = Debug|Any CPU
		{D94F6982-AD11-42F5-9777-C064F00F31E9}.Debug|x86.ActiveCfg = Debug|Any CPU
		{D94F6982-AD11-42F5-9777-C064F00F31E9}.Release|Any CPU.ActiveCfg = Release|Any CPU
		{D94F6982-AD11-42F5-9777-C064F00F31E9}.Release|Any CPU.Build.0 = Release|Any CPU
		{D94F6982-AD11-42F5-9777-C064F00F31E9}.Release|x64.ActiveCfg = Release|Any CPU
		{D94F6982-AD11-42F5-9777-C064F00F31E9}.Release|x86.ActiveCfg = Release|Any CPU
		{810172AB-206B-4350-AED2-31B45495CF24}.Debug|Any CPU.ActiveCfg = Debug|Any CPU
		{810172AB-206B-4350-AED2-31B45495CF24}.Debug|Any CPU.Build.0 = Debug|Any CPU
		{810172AB-206B-4350-AED2-31B45495CF24}.Debug|x64.ActiveCfg = Debug|Any CPU
		{810172AB-206B-4350-AED2-31B45495CF24}.Debug|x64.Build.0 = Debug|Any CPU
		{810172AB-206B-4350-AED2-31B45495CF24}.Debug|x86.ActiveCfg = Debug|Any CPU
		{810172AB-206B-4350-AED2-31B45495CF24}.Debug|x86.Build.0 = Debug|Any CPU
		{810172AB-206B-4350-AED2-31B45495CF24}.Release|Any CPU.ActiveCfg = Release|Any CPU
		{810172AB-206B-4350-AED2-31B45495CF24}.Release|Any CPU.Build.0 = Release|Any CPU
		{810172AB-206B-4350-AED2-31B45495CF24}.Release|x64.ActiveCfg = Release|Any CPU
		{810172AB-206B-4350-AED2-31B45495CF24}.Release|x64.Build.0 = Release|Any CPU
		{810172AB-206B-4350-AED2-31B45495CF24}.Release|x86.ActiveCfg = Release|Any CPU
		{810172AB-206B-4350-AED2-31B45495CF24}.Release|x86.Build.0 = Release|Any CPU
		{294A128F-1D16-46AD-A846-637A0D88DD79}.Debug|Any CPU.ActiveCfg = Debug|Any CPU
		{294A128F-1D16-46AD-A846-637A0D88DD79}.Debug|Any CPU.Build.0 = Debug|Any CPU
		{294A128F-1D16-46AD-A846-637A0D88DD79}.Debug|x64.ActiveCfg = Debug|Any CPU
		{294A128F-1D16-46AD-A846-637A0D88DD79}.Debug|x64.Build.0 = Debug|Any CPU
		{294A128F-1D16-46AD-A846-637A0D88DD79}.Debug|x86.ActiveCfg = Debug|Any CPU
		{294A128F-1D16-46AD-A846-637A0D88DD79}.Debug|x86.Build.0 = Debug|Any CPU
		{294A128F-1D16-46AD-A846-637A0D88DD79}.Release|Any CPU.ActiveCfg = Release|Any CPU
		{294A128F-1D16-46AD-A846-637A0D88DD79}.Release|Any CPU.Build.0 = Release|Any CPU
		{294A128F-1D16-46AD-A846-637A0D88DD79}.Release|x64.ActiveCfg = Release|Any CPU
		{294A128F-1D16-46AD-A846-637A0D88DD79}.Release|x64.Build.0 = Release|Any CPU
		{294A128F-1D16-46AD-A846-637A0D88DD79}.Release|x86.ActiveCfg = Release|Any CPU
		{294A128F-1D16-46AD-A846-637A0D88DD79}.Release|x86.Build.0 = Release|Any CPU
		{1AF502C0-74F9-4592-9302-CDB0AD97901E}.Debug|Any CPU.ActiveCfg = Debug|Any CPU
		{1AF502C0-74F9-4592-9302-CDB0AD97901E}.Debug|Any CPU.Build.0 = Debug|Any CPU
		{1AF502C0-74F9-4592-9302-CDB0AD97901E}.Debug|x64.ActiveCfg = Debug|Any CPU
		{1AF502C0-74F9-4592-9302-CDB0AD97901E}.Debug|x64.Build.0 = Debug|Any CPU
		{1AF502C0-74F9-4592-9302-CDB0AD97901E}.Debug|x86.ActiveCfg = Debug|Any CPU
		{1AF502C0-74F9-4592-9302-CDB0AD97901E}.Debug|x86.Build.0 = Debug|Any CPU
		{1AF502C0-74F9-4592-9302-CDB0AD97901E}.Release|Any CPU.ActiveCfg = Release|Any CPU
		{1AF502C0-74F9-4592-9302-CDB0AD97901E}.Release|Any CPU.Build.0 = Release|Any CPU
		{1AF502C0-74F9-4592-9302-CDB0AD97901E}.Release|x64.ActiveCfg = Release|Any CPU
		{1AF502C0-74F9-4592-9302-CDB0AD97901E}.Release|x64.Build.0 = Release|Any CPU
		{1AF502C0-74F9-4592-9302-CDB0AD97901E}.Release|x86.ActiveCfg = Release|Any CPU
		{1AF502C0-74F9-4592-9302-CDB0AD97901E}.Release|x86.Build.0 = Release|Any CPU
		{CF148F8E-4297-4EE0-A30F-4348A801F9ED}.Debug|Any CPU.ActiveCfg = Debug|Any CPU
		{CF148F8E-4297-4EE0-A30F-4348A801F9ED}.Debug|Any CPU.Build.0 = Debug|Any CPU
		{CF148F8E-4297-4EE0-A30F-4348A801F9ED}.Debug|x64.ActiveCfg = Debug|Any CPU
		{CF148F8E-4297-4EE0-A30F-4348A801F9ED}.Debug|x64.Build.0 = Debug|Any CPU
		{CF148F8E-4297-4EE0-A30F-4348A801F9ED}.Debug|x86.ActiveCfg = Debug|Any CPU
		{CF148F8E-4297-4EE0-A30F-4348A801F9ED}.Debug|x86.Build.0 = Debug|Any CPU
		{CF148F8E-4297-4EE0-A30F-4348A801F9ED}.Release|Any CPU.ActiveCfg = Release|Any CPU
		{CF148F8E-4297-4EE0-A30F-4348A801F9ED}.Release|Any CPU.Build.0 = Release|Any CPU
		{CF148F8E-4297-4EE0-A30F-4348A801F9ED}.Release|x64.ActiveCfg = Release|Any CPU
		{CF148F8E-4297-4EE0-A30F-4348A801F9ED}.Release|x64.Build.0 = Release|Any CPU
		{CF148F8E-4297-4EE0-A30F-4348A801F9ED}.Release|x86.ActiveCfg = Release|Any CPU
		{CF148F8E-4297-4EE0-A30F-4348A801F9ED}.Release|x86.Build.0 = Release|Any CPU
		{A931CE26-D210-4B7A-9FC9-25B6D3FFC732}.Debug|Any CPU.ActiveCfg = Debug|Any CPU
		{A931CE26-D210-4B7A-9FC9-25B6D3FFC732}.Debug|Any CPU.Build.0 = Debug|Any CPU
		{A931CE26-D210-4B7A-9FC9-25B6D3FFC732}.Debug|x64.ActiveCfg = Debug|Any CPU
		{A931CE26-D210-4B7A-9FC9-25B6D3FFC732}.Debug|x64.Build.0 = Debug|Any CPU
		{A931CE26-D210-4B7A-9FC9-25B6D3FFC732}.Debug|x86.ActiveCfg = Debug|Any CPU
		{A931CE26-D210-4B7A-9FC9-25B6D3FFC732}.Debug|x86.Build.0 = Debug|Any CPU
		{A931CE26-D210-4B7A-9FC9-25B6D3FFC732}.Release|Any CPU.ActiveCfg = Release|Any CPU
		{A931CE26-D210-4B7A-9FC9-25B6D3FFC732}.Release|Any CPU.Build.0 = Release|Any CPU
		{A931CE26-D210-4B7A-9FC9-25B6D3FFC732}.Release|x64.ActiveCfg = Release|Any CPU
		{A931CE26-D210-4B7A-9FC9-25B6D3FFC732}.Release|x64.Build.0 = Release|Any CPU
		{A931CE26-D210-4B7A-9FC9-25B6D3FFC732}.Release|x86.ActiveCfg = Release|Any CPU
		{A931CE26-D210-4B7A-9FC9-25B6D3FFC732}.Release|x86.Build.0 = Release|Any CPU
	EndGlobalSection
	GlobalSection(SolutionProperties) = preSolution
		HideSolutionNode = FALSE
	EndGlobalSection
	GlobalSection(NestedProjects) = preSolution
		{D94F6982-AD11-42F5-9777-C064F00F31E9} = {3EE6B986-C6F3-4965-BCCD-F2EDCF4BE465}
		{810172AB-206B-4350-AED2-31B45495CF24} = {3EE6B986-C6F3-4965-BCCD-F2EDCF4BE465}
		{294A128F-1D16-46AD-A846-637A0D88DD79} = {4752A76F-4E69-4E1B-B1F2-D9C477706F33}
		{1AF502C0-74F9-4592-9302-CDB0AD97901E} = {4752A76F-4E69-4E1B-B1F2-D9C477706F33}
		{CF148F8E-4297-4EE0-A30F-4348A801F9ED} = {3EE6B986-C6F3-4965-BCCD-F2EDCF4BE465}
		{A931CE26-D210-4B7A-9FC9-25B6D3FFC732} = {39B08101-9037-47EF-BCB0-F5558FEB9F80}
	EndGlobalSection
	GlobalSection(ExtensibilityGlobals) = postSolution
		SolutionGuid = {68916ADF-12A3-47C7-9830-DB7E38AF6A5F}
	EndGlobalSection
EndGlobal
